# THIS IS AN AUTOGENERATED FILE. DO NOT EDIT THIS FILE DIRECTLY.
# yarn lockfile v1


JSONPath@^0.10.0:
  version "0.10.0"
  resolved "https://registry.yarnpkg.com/JSONPath/-/JSONPath-0.10.0.tgz#44959bdd94e3641858e7f2147d93c732f3505b1c"
  dependencies:
    underscore "*"

ast-types@0.11.3:
  version "0.11.3"
  resolved "https://registry.yarnpkg.com/ast-types/-/ast-types-0.11.3.tgz#c20757fe72ee71278ea0ff3d87e5c2ca30d9edf8"

builtin-modules@^2.0.0:
  version "2.0.0"
  resolved "https://registry.yarnpkg.com/builtin-modules/-/builtin-modules-2.0.0.tgz#60b7ef5ae6546bd7deefa74b08b62a43a232648e"

esprima@~4.0.0:
  version "4.0.0"
  resolved "https://registry.yarnpkg.com/esprima/-/esprima-4.0.0.tgz#4499eddcd1110e0b218bacf2fa7f7f59f55ca804"

is-builtin-module@^2.0.0:
  version "2.0.0"
  resolved "https://registry.yarnpkg.com/is-builtin-module/-/is-builtin-module-2.0.0.tgz#431104b3b4ba838ec7a17d82bb3bccd2233e8cd9"
  dependencies:
    builtin-modules "^2.0.0"

jsonpath-object-transform@^1.0.4:
  version "1.0.4"
  resolved "https://registry.yarnpkg.com/jsonpath-object-transform/-/jsonpath-object-transform-1.0.4.tgz#adbb35ec0b8e8a74efed896bd07ad6a4945198ff"
  dependencies:
    JSONPath "^0.10.0"

private@~0.1.5:
  version "0.1.8"
  resolved "https://registry.yarnpkg.com/private/-/private-0.1.8.tgz#2381edb3689f7a53d653190060fcf822d2f368ff"

recast@^0.14.7:
  version "0.14.7"
  resolved "https://registry.yarnpkg.com/recast/-/recast-0.14.7.tgz#4f1497c2b5826d42a66e8e3c9d80c512983ff61d"
  dependencies:
    ast-types "0.11.3"
    esprima "~4.0.0"
    private "~0.1.5"
    source-map "~0.6.1"

source-map@~0.6.1:
  version "0.6.1"
  resolved "https://registry.yarnpkg.com/source-map/-/source-map-0.6.1.tgz#74722af32e9614e9c287a8d0bbde48b5e2f1a263"

thenby@^1.2.3:
  version "1.2.3"
  resolved "https://registry.yarnpkg.com/thenby/-/thenby-1.2.3.tgz#62465b07e3d8b9466f01026df837f738e0faaa69"

underscore@*:
  version "1.8.3"
  resolved "https://registry.yarnpkg.com/underscore/-/underscore-1.8.3.tgz#4f3fb53b106e6097fcf9cb4109f2a5e9bdfa5022"
